
Microsoft Visual Studio Solution File, Format Version 12.00
# Visual Studio Version 16
VisualStudioVersion = 16.0.30517.126
MinimumVisualStudioVersion = 10.0.40219.1
Project("{9A19103F-16F7-4668-BE54-9A1E7A4F7556}") = "GamingAnalytics", "GamingAnalytics\GamingAnalytics.csproj", "{0640BADC-C2D7-42C7-BA9C-831EBCE43E0A}"
EndProject
Project("{00D1A9C2-B5F0-4AF3-8072-F6C62B433612}") = "GamingDatabase", "GamingDatabase\GamingDatabase.sqlproj", "{7A1DF707-5117-4327-8F0E-4BBC37F8B4BA}"
EndProject
Global
	GlobalSection(SolutionConfigurationPlatforms) = preSolution
		Debug|Any CPU = Debug|Any CPU
		Release|Any CPU = Release|Any CPU
	EndGlobalSection
	GlobalSection(ProjectConfigurationPlatforms) = postSolution
		{0640BADC-C2D7-42C7-BA9C-831EBCE43E0A}.Debug|Any CPU.ActiveCfg = Debug|Any CPU
		{0640BADC-C2D7-42C7-BA9C-831EBCE43E0A}.Debug|Any CPU.Build.0 = Debug|Any CPU
		{0640BADC-C2D7-42C7-BA9C-831EBCE43E0A}.Release|Any CPU.ActiveCfg = Release|Any CPU
		{0640BADC-C2D7-42C7-BA9C-831EBCE43E0A}.Release|Any CPU.Build.0 = Release|Any CPU
		{7A1DF707-5117-4327-8F0E-4BBC37F8B4BA}.Debug|Any CPU.ActiveCfg = Debug|Any CPU
		{7A1DF707-5117-4327-8F0E-4BBC37F8B4BA}.Debug|Any CPU.Build.0 = Debug|Any CPU
		{7A1DF707-5117-4327-8F0E-4BBC37F8B4BA}.Debug|Any CPU.Deploy.0 = Debug|Any CPU
		{7A1DF707-5117-4327-8F0E-4BBC37F8B4BA}.Release|Any CPU.ActiveCfg = Release|Any CPU
		{7A1DF707-5117-4327-8F0E-4BBC37F8B4BA}.Release|Any CPU.Build.0 = Release|Any CPU
		{7A1DF707-5117-4327-8F0E-4BBC37F8B4BA}.Release|Any CPU.Deploy.0 = Release|Any CPU
	EndGlobalSection
	GlobalSection(SolutionProperties) = preSolution
		HideSolutionNode = FALSE
	EndGlobalSection
	GlobalSection(ExtensibilityGlobals) = postSolution
		SolutionGuid = {ED2EC628-D1C5-4FB7-BEA0-099DB4789AA5}
	EndGlobalSection
EndGlobal
